// !$*UTF8*$!
{
	archiveVersion = 1;
	classes = {
	};
	objectVersion = 46;
	objects = {

/* Begin PBXBuildFile section */
		1E342FEA1C83746D0098B63C /* RewardsViewController.swift in Sources */ = {isa = PBXBuildFile; fileRef = 1E342FE91C83746D0098B63C /* RewardsViewController.swift */; };
		1EE14BB61C82B3B900E2168C /* AddParticipantViewController.swift in Sources */ = {isa = PBXBuildFile; fileRef = 1EE14BB51C82B3B900E2168C /* AddParticipantViewController.swift */; };
		1EE14BB81C82B68700E2168C /* ParticipantCell.swift in Sources */ = {isa = PBXBuildFile; fileRef = 1EE14BB71C82B68700E2168C /* ParticipantCell.swift */; };
		81EDAAE86AAD743502AAE9C9 /* Pods_SplitVille.framework in Frameworks */ = {isa = PBXBuildFile; fileRef = DB884730841B788F5ED45B3B /* Pods_SplitVille.framework */; };
		BD86B3341C824E49003275F5 /* CameraViewController.swift in Sources */ = {isa = PBXBuildFile; fileRef = BD86B3331C824E49003275F5 /* CameraViewController.swift */; };
		BDC88E391C829EAC000274A5 /* CameraIconCircle.swift in Sources */ = {isa = PBXBuildFile; fileRef = BDC88E381C829EAC000274A5 /* CameraIconCircle.swift */; };
		BDC88E3B1C836E3A000274A5 /* BillViewController.swift in Sources */ = {isa = PBXBuildFile; fileRef = BDC88E3A1C836E3A000274A5 /* BillViewController.swift */; };
		BDDCE2E01C82060600A1D7FB /* AppDelegate.swift in Sources */ = {isa = PBXBuildFile; fileRef = BDDCE2DF1C82060600A1D7FB /* AppDelegate.swift */; };
		BDDCE2E21C82060600A1D7FB /* ViewController.swift in Sources */ = {isa = PBXBuildFile; fileRef = BDDCE2E11C82060600A1D7FB /* ViewController.swift */; };
		BDDCE2E51C82060700A1D7FB /* Main.storyboard in Resources */ = {isa = PBXBuildFile; fileRef = BDDCE2E31C82060700A1D7FB /* Main.storyboard */; };
		BDDCE2E71C82060700A1D7FB /* Assets.xcassets in Resources */ = {isa = PBXBuildFile; fileRef = BDDCE2E61C82060700A1D7FB /* Assets.xcassets */; };
		BDDCE2EA1C82060700A1D7FB /* LaunchScreen.storyboard in Resources */ = {isa = PBXBuildFile; fileRef = BDDCE2E81C82060700A1D7FB /* LaunchScreen.storyboard */; };
/* End PBXBuildFile section */

/* Begin PBXFileReference section */
		1E342FE91C83746D0098B63C /* RewardsViewController.swift */ = {isa = PBXFileReference; fileEncoding = 4; lastKnownFileType = sourcecode.swift; path = RewardsViewController.swift; sourceTree = "<group>"; };
		1EE14BB51C82B3B900E2168C /* AddParticipantViewController.swift */ = {isa = PBXFileReference; fileEncoding = 4; lastKnownFileType = sourcecode.swift; path = AddParticipantViewController.swift; sourceTree = "<group>"; };
		1EE14BB71C82B68700E2168C /* ParticipantCell.swift */ = {isa = PBXFileReference; fileEncoding = 4; lastKnownFileType = sourcecode.swift; path = ParticipantCell.swift; sourceTree = "<group>"; };
		768EA69058B013893DA3CB80 /* Pods-SplitVille.release.xcconfig */ = {isa = PBXFileReference; includeInIndex = 1; lastKnownFileType = text.xcconfig; name = "Pods-SplitVille.release.xcconfig"; path = "Pods/Target Support Files/Pods-SplitVille/Pods-SplitVille.release.xcconfig"; sourceTree = "<group>"; };
		B50B9BFDD985663151513E82 /* Pods-SplitVille.debug.xcconfig */ = {isa = PBXFileReference; includeInIndex = 1; lastKnownFileType = text.xcconfig; name = "Pods-SplitVille.debug.xcconfig"; path = "Pods/Target Support Files/Pods-SplitVille/Pods-SplitVille.debug.xcconfig"; sourceTree = "<group>"; };
		BD86B3331C824E49003275F5 /* CameraViewController.swift */ = {isa = PBXFileReference; fileEncoding = 4; lastKnownFileType = sourcecode.swift; path = CameraViewController.swift; sourceTree = "<group>"; };
		BDC88E381C829EAC000274A5 /* CameraIconCircle.swift */ = {isa = PBXFileReference; fileEncoding = 4; lastKnownFileType = sourcecode.swift; path = CameraIconCircle.swift; sourceTree = "<group>"; };
		BDC88E3A1C836E3A000274A5 /* BillViewController.swift */ = {isa = PBXFileReference; fileEncoding = 4; lastKnownFileType = sourcecode.swift; path = BillViewController.swift; sourceTree = "<group>"; };
		BDDCE2DC1C82060600A1D7FB /* SplitVille.app */ = {isa = PBXFileReference; explicitFileType = wrapper.application; includeInIndex = 0; path = SplitVille.app; sourceTree = BUILT_PRODUCTS_DIR; };
		BDDCE2DF1C82060600A1D7FB /* AppDelegate.swift */ = {isa = PBXFileReference; lastKnownFileType = sourcecode.swift; path = AppDelegate.swift; sourceTree = "<group>"; };
		BDDCE2E11C82060600A1D7FB /* ViewController.swift */ = {isa = PBXFileReference; lastKnownFileType = sourcecode.swift; path = ViewController.swift; sourceTree = "<group>"; };
		BDDCE2E41C82060700A1D7FB /* Base */ = {isa = PBXFileReference; lastKnownFileType = file.storyboard; name = Base; path = Base.lproj/Main.storyboard; sourceTree = "<group>"; };
		BDDCE2E61C82060700A1D7FB /* Assets.xcassets */ = {isa = PBXFileReference; lastKnownFileType = folder.assetcatalog; path = Assets.xcassets; sourceTree = "<group>"; };
		BDDCE2E91C82060700A1D7FB /* Base */ = {isa = PBXFileReference; lastKnownFileType = file.storyboard; name = Base; path = Base.lproj/LaunchScreen.storyboard; sourceTree = "<group>"; };
		BDDCE2EB1C82060700A1D7FB /* Info.plist */ = {isa = PBXFileReference; lastKnownFileType = text.plist.xml; path = Info.plist; sourceTree = "<group>"; };
		DB884730841B788F5ED45B3B /* Pods_SplitVille.framework */ = {isa = PBXFileReference; explicitFileType = wrapper.framework; includeInIndex = 0; path = Pods_SplitVille.framework; sourceTree = BUILT_PRODUCTS_DIR; };
/* End PBXFileReference section */

/* Begin PBXFrameworksBuildPhase section */
		BDDCE2D91C82060600A1D7FB /* Frameworks */ = {
			isa = PBXFrameworksBuildPhase;
			buildActionMask = 2147483647;
			files = (
				81EDAAE86AAD743502AAE9C9 /* Pods_SplitVille.framework in Frameworks */,
			);
			runOnlyForDeploymentPostprocessing = 0;
		};
/* End PBXFrameworksBuildPhase section */

/* Begin PBXGroup section */
		4034EEAB6DF1E430C95D5B9C /* Pods */ = {
			isa = PBXGroup;
			children = (
				B50B9BFDD985663151513E82 /* Pods-SplitVille.debug.xcconfig */,
				768EA69058B013893DA3CB80 /* Pods-SplitVille.release.xcconfig */,
			);
			name = Pods;
			sourceTree = "<group>";
		};
		8D084DB8556B2AE9913EB2B7 /* Frameworks */ = {
			isa = PBXGroup;
			children = (
				DB884730841B788F5ED45B3B /* Pods_SplitVille.framework */,
			);
			name = Frameworks;
			sourceTree = "<group>";
		};
		BDDCE2D31C82060600A1D7FB = {
			isa = PBXGroup;
			children = (
				BDDCE2DE1C82060600A1D7FB /* SplitVille */,
				BDDCE2DD1C82060600A1D7FB /* Products */,
				4034EEAB6DF1E430C95D5B9C /* Pods */,
				8D084DB8556B2AE9913EB2B7 /* Frameworks */,
			);
			sourceTree = "<group>";
		};
		BDDCE2DD1C82060600A1D7FB /* Products */ = {
			isa = PBXGroup;
			children = (
				BDDCE2DC1C82060600A1D7FB /* SplitVille.app */,
			);
			name = Products;
			sourceTree = "<group>";
		};
		BDDCE2DE1C82060600A1D7FB /* SplitVille */ = {
			isa = PBXGroup;
			children = (
				BDC88E3A1C836E3A000274A5 /* BillViewController.swift */,
				BDDCE2DF1C82060600A1D7FB /* AppDelegate.swift */,
				BDDCE2E11C82060600A1D7FB /* ViewController.swift */,
				BDDCE2E31C82060700A1D7FB /* Main.storyboard */,
				1EE14BB51C82B3B900E2168C /* AddParticipantViewController.swift */,
				1EE14BB71C82B68700E2168C /* ParticipantCell.swift */,
				BDC88E381C829EAC000274A5 /* CameraIconCircle.swift */,
				BD86B3331C824E49003275F5 /* CameraViewController.swift */,
				BDDCE2E61C82060700A1D7FB /* Assets.xcassets */,
				BDDCE2E81C82060700A1D7FB /* LaunchScreen.storyboard */,
				BDDCE2EB1C82060700A1D7FB /* Info.plist */,
				1E342FE91C83746D0098B63C /* RewardsViewController.swift */,
			);
			path = SplitVille;
			sourceTree = "<group>";
		};
/* End PBXGroup section */

/* Begin PBXNativeTarget section */
		BDDCE2DB1C82060600A1D7FB /* SplitVille */ = {
			isa = PBXNativeTarget;
			buildConfigurationList = BDDCE2EE1C82060700A1D7FB /* Build configuration list for PBXNativeTarget "SplitVille" */;
			buildPhases = (
				4706598152DB53A14AAEDE98 /* Check Pods Manifest.lock */,
				BDDCE2D81C82060600A1D7FB /* Sources */,
				BDDCE2D91C82060600A1D7FB /* Frameworks */,
				BDDCE2DA1C82060600A1D7FB /* Resources */,
				ED71373FFE71A6284464BBA8 /* Embed Pods Frameworks */,
				8D2A143AC924D3903B1EAB5A /* Copy Pods Resources */,
			);
			buildRules = (
			);
			dependencies = (
			);
			name = SplitVille;
			productName = SplitVille;
			productReference = BDDCE2DC1C82060600A1D7FB /* SplitVille.app */;
			productType = "com.apple.product-type.application";
		};
/* End PBXNativeTarget section */

/* Begin PBXProject section */
		BDDCE2D41C82060600A1D7FB /* Project object */ = {
			isa = PBXProject;
			attributes = {
				LastSwiftUpdateCheck = 0720;
				LastUpgradeCheck = 0720;
				ORGANIZATIONNAME = Nabil;
				TargetAttributes = {
					BDDCE2DB1C82060600A1D7FB = {
						CreatedOnToolsVersion = 7.2.1;
						DevelopmentTeam = 7PKG45HR7B;
					};
				};
			};
			buildConfigurationList = BDDCE2D71C82060600A1D7FB /* Build configuration list for PBXProject "SplitVille" */;
			compatibilityVersion = "Xcode 3.2";
			developmentRegion = English;
			hasScannedForEncodings = 0;
			knownRegions = (
				en,
				Base,
			);
			mainGroup = BDDCE2D31C82060600A1D7FB;
			productRefGroup = BDDCE2DD1C82060600A1D7FB /* Products */;
			projectDirPath = "";
			projectRoot = "";
			targets = (
				BDDCE2DB1C82060600A1D7FB /* SplitVille */,
			);
		};
/* End PBXProject section */

/* Begin PBXResourcesBuildPhase section */
		BDDCE2DA1C82060600A1D7FB /* Resources */ = {
			isa = PBXResourcesBuildPhase;
			buildActionMask = 2147483647;
			files = (
				BDDCE2EA1C82060700A1D7FB /* LaunchScreen.storyboard in Resources */,
				BDDCE2E71C82060700A1D7FB /* Assets.xcassets in Resources */,
				BDDCE2E51C82060700A1D7FB /* Main.storyboard in Resources */,
			);
			runOnlyForDeploymentPostprocessing = 0;
		};
/* End PBXResourcesBuildPhase section */

/* Begin PBXShellScriptBuildPhase section */
		4706598152DB53A14AAEDE98 /* Check Pods Manifest.lock */ = {
			isa = PBXShellScriptBuildPhase;
			buildActionMask = 2147483647;
			files = (
			);
			inputPaths = (
			);
			name = "Check Pods Manifest.lock";
			outputPaths = (
			);
			runOnlyForDeploymentPostprocessing = 0;
			shellPath = /bin/sh;
			shellScript = "diff \"${PODS_ROOT}/../Podfile.lock\" \"${PODS_ROOT}/Manifest.lock\" > /dev/null\nif [[ $? != 0 ]] ; then\n    cat << EOM\nerror: The sandbox is not in sync with the Podfile.lock. Run 'pod install' or update your CocoaPods installation.\nEOM\n    exit 1\nfi\n";
			showEnvVarsInLog = 0;
		};
		8D2A143AC924D3903B1EAB5A /* Copy Pods Resources */ = {
			isa = PBXShellScriptBuildPhase;
			buildActionMask = 2147483647;
			files = (
			);
			inputPaths = (
			);
			name = "Copy Pods Resources";
			outputPaths = (
			);
			runOnlyForDeploymentPostprocessing = 0;
			shellPath = /bin/sh;
			shellScript = "\"${SRCROOT}/Pods/Target Support Files/Pods-SplitVille/Pods-SplitVille-resources.sh\"\n";
			showEnvVarsInLog = 0;
		};
		ED71373FFE71A6284464BBA8 /* Embed Pods Frameworks */ = {
			isa = PBXShellScriptBuildPhase;
			buildActionMask = 2147483647;
			files = (
			);
			inputPaths = (
			);
			name = "Embed Pods Frameworks";
			outputPaths = (
			);
			runOnlyForDeploymentPostprocessing = 0;
			shellPath = /bin/sh;
			shellScript = "\"${SRCROOT}/Pods/Target Support Files/Pods-SplitVille/Pods-SplitVille-frameworks.sh\"\n";
			showEnvVarsInLog = 0;
		};
/* End PBXShellScriptBuildPhase section */

/* Begin PBXSourcesBuildPhase section */
		BDDCE2D81C82060600A1D7FB /* Sources */ = {
			isa = PBXSourcesBuildPhase;
			buildActionMask = 2147483647;
			files = (
				BDDCE2E21C82060600A1D7FB /* ViewController.swift in Sources */,
				BDC88E3B1C836E3A000274A5 /* BillViewController.swift in Sources */,
				1EE14BB61C82B3B900E2168C /* AddParticipantViewController.swift in Sources */,
				BDC88E391C829EAC000274A5 /* CameraIconCircle.swift in Sources */,
				1EE14BB81C82B68700E2168C /* ParticipantCell.swift in Sources */,
				1E342FEA1C83746D0098B63C /* RewardsViewController.swift in Sources */,
				BDDCE2E01C82060600A1D7FB /* AppDelegate.swift in Sources */,
				BD86B3341C824E49003275F5 /* CameraViewController.swift in Sources */,
			);
			runOnlyForDeploymentPostprocessing = 0;
		};
/* End PBXSourcesBuildPhase section */

/* Begin PBXVariantGroup section */
		BDDCE2E31C82060700A1D7FB /* Main.storyboard */ = {
			isa = PBXVariantGroup;
			children = (
				BDDCE2E41C82060700A1D7FB /* Base */,
			);
			name = Main.storyboard;
			sourceTree = "<group>";
		};
		BDDCE2E81C82060700A1D7FB /* LaunchScreen.storyboard */ = {
			isa = PBXVariantGroup;
			children = (
				BDDCE2E91C82060700A1D7FB /* Base */,
			);
			name = LaunchScreen.storyboard;
			sourceTree = "<group>";
		};
/* End PBXVariantGroup section */

/* Begin XCBuildConfiguration section */
		BDDCE2EC1C82060700A1D7FB /* Debug */ = {
			isa = XCBuildConfiguration;
			buildSettings = {
				ALWAYS_SEARCH_USER_PATHS = NO;
				CLANG_CXX_LANGUAGE_STANDARD = "gnu++0x";
				CLANG_CXX_LIBRARY = "libc++";
				CLANG_ENABLE_MODULES = YES;
				CLANG_ENABLE_OBJC_ARC = YES;
				CLANG_WARN_BOOL_CONVERSION = YES;
				CLANG_WARN_CONSTANT_CONVERSION = YES;
				CLANG_WARN_DIRECT_OBJC_ISA_USAGE = YES_ERROR;
				CLANG_WARN_EMPTY_BODY = YES;
				CLANG_WARN_ENUM_CONVERSION = YES;
				CLANG_WARN_INT_CONVERSION = YES;
				CLANG_WARN_OBJC_ROOT_CLASS = YES_ERROR;
				CLANG_WARN_UNREACHABLE_CODE = YES;
				CLANG_WARN__DUPLICATE_METHOD_MATCH = YES;
				"CODE_SIGN_IDENTITY[sdk=iphoneos*]" = "iPhone Developer";
				COPY_PHASE_STRIP = NO;
				DEBUG_INFORMATION_FORMAT = dwarf;
				ENABLE_STRICT_OBJC_MSGSEND = YES;
				ENABLE_TESTABILITY = YES;
				GCC_C_LANGUAGE_STANDARD = gnu99;
				GCC_DYNAMIC_NO_PIC = NO;
				GCC_NO_COMMON_BLOCKS = YES;
				GCC_OPTIMIZATION_LEVEL = 0;
				GCC_PREPROCESSOR_DEFINITIONS = (
					"DEBUG=1",
					"$(inherited)",
				);
				GCC_WARN_64_TO_32_BIT_CONVERSION = YES;
				GCC_WARN_ABOUT_RETURN_TYPE = YES_ERROR;
				GCC_WARN_UNDECLARED_SELECTOR = YES;
				GCC_WARN_UNINITIALIZED_AUTOS = YES_AGGRESSIVE;
				GCC_WARN_UNUSED_FUNCTION = YES;
				GCC_WARN_UNUSED_VARIABLE = YES;
				IPHONEOS_DEPLOYMENT_TARGET = 9.2;
				MTL_ENABLE_DEBUG_INFO = YES;
				ONLY_ACTIVE_ARCH = YES;
				SDKROOT = iphoneos;
				SWIFT_OPTIMIZATION_LEVEL = "-Onone";
			};
			name = Debug;
		};
		BDDCE2ED1C82060700A1D7FB /* Release */ = {
			isa = XCBuildConfiguration;
			buildSettings = {
				ALWAYS_SEARCH_USER_PATHS = NO;
				CLANG_CXX_LANGUAGE_STANDARD = "gnu++0x";
				CLANG_CXX_LIBRARY = "libc++";
				CLANG_ENABLE_MODULES = YES;
				CLANG_ENABLE_OBJC_ARC = YES;
				CLANG_WARN_BOOL_CONVERSION = YES;
				CLANG_WARN_CONSTANT_CONVERSION = YES;
				CLANG_WARN_DIRECT_OBJC_ISA_USAGE = YES_ERROR;
				CLANG_WARN_EMPTY_BODY = YES;
				CLANG_WARN_ENUM_CONVERSION = YES;
				CLANG_WARN_INT_CONVERSION = YES;
				CLANG_WARN_OBJC_ROOT_CLASS = YES_ERROR;
				CLANG_WARN_UNREACHABLE_CODE = YES;
				CLANG_WARN__DUPLICATE_METHOD_MATCH = YES;
				"CODE_SIGN_IDENTITY[sdk=iphoneos*]" = "iPhone Developer";
				COPY_PHASE_STRIP = NO;
				DEBUG_INFORMATION_FORMAT = "dwarf-with-dsym";
				ENABLE_NS_ASSERTIONS = NO;
				ENABLE_STRICT_OBJC_MSGSEND = YES;
				GCC_C_LANGUAGE_STANDARD = gnu99;
				GCC_NO_COMMON_BLOCKS = YES;
				GCC_WARN_64_TO_32_BIT_CONVERSION = YES;
				GCC_WARN_ABOUT_RETURN_TYPE = YES_ERROR;
				GCC_WARN_UNDECLARED_SELECTOR = YES;
				GCC_WARN_UNINITIALIZED_AUTOS = YES_AGGRESSIVE;
				GCC_WARN_UNUSED_FUNCTION = YES;
				GCC_WARN_UNUSED_VARIABLE = YES;
				IPHONEOS_DEPLOYMENT_TARGET = 9.2;
				MTL_ENABLE_DEBUG_INFO = NO;
				SDKROOT = iphoneos;
				VALIDATE_PRODUCT = YES;
			};
			name = Release;
		};
		BDDCE2EF1C82060700A1D7FB /* Debug */ = {
			isa = XCBuildConfiguration;
			baseConfigurationReference = B50B9BFDD985663151513E82 /* Pods-SplitVille.debug.xcconfig */;
			buildSettings = {
				ASSETCATALOG_COMPILER_APPICON_NAME = AppIcon;
				CODE_SIGN_IDENTITY = "iPhone Developer";
				"CODE_SIGN_IDENTITY[sdk=iphoneos*]" = "iPhone Developer";
				INFOPLIST_FILE = SplitVille/Info.plist;
				IPHONEOS_DEPLOYMENT_TARGET = 8.0;
				LD_RUNPATH_SEARCH_PATHS = "$(inherited) @executable_path/Frameworks";
				PRODUCT_BUNDLE_IDENTIFIER = com.adel.SplitVille;
				PRODUCT_NAME = "$(TARGET_NAME)";
				PROVISIONING_PROFILE = "";
			};
			name = Debug;
		};
		BDDCE2F01C82060700A1D7FB /* Release */ = {
			isa = XCBuildConfiguration;
			baseConfigurationReference = 768EA69058B013893DA3CB80 /* Pods-SplitVille.release.xcconfig */;
			buildSettings = {
				ASSETCATALOG_COMPILER_APPICON_NAME = AppIcon;
				CODE_SIGN_IDENTITY = "iPhone Developer";
				"CODE_SIGN_IDENTITY[sdk=iphoneos*]" = "iPhone Developer";
				INFOPLIST_FILE = SplitVille/Info.plist;
				IPHONEOS_DEPLOYMENT_TARGET = 8.0;
				LD_RUNPATH_SEARCH_PATHS = "$(inherited) @executable_path/Frameworks";
				PRODUCT_BUNDLE_IDENTIFIER = com.adel.SplitVille;
				PRODUCT_NAME = "$(TARGET_NAME)";
				PROVISIONING_PROFILE = "";
			};
			name = Release;
		};
/* End XCBuildConfiguration section */

/* Begin XCConfigurationList section */
		BDDCE2D71C82060600A1D7FB /* Build configuration list for PBXProject "SplitVille" */ = {
			isa = XCConfigurationList;
			buildConfigurations = (
				BDDCE2EC1C82060700A1D7FB /* Debug */,
				BDDCE2ED1C82060700A1D7FB /* Release */,
			);
			defaultConfigurationIsVisible = 0;
			defaultConfigurationName = Release;
		};
		BDDCE2EE1C82060700A1D7FB /* Build configuration list for PBXNativeTarget "SplitVille" */ = {
			isa = XCConfigurationList;
			buildConfigurations = (
				BDDCE2EF1C82060700A1D7FB /* Debug */,
				BDDCE2F01C82060700A1D7FB /* Release */,
			);
			defaultConfigurationIsVisible = 0;
			defaultConfigurationName = Release;
		};
/* End XCConfigurationList section */
	};
	rootObject = BDDCE2D41C82060600A1D7FB /* Project object */;
}
